
Microsoft Visual Studio Solution File, Format Version 12.00
# Visual Studio Version 17
VisualStudioVersion = 17.14.36408.4 d17.14
MinimumVisualStudioVersion = 10.0.40219.1
Project("{FAE04EC0-301F-11D3-BF4B-00C04F79EFBC}") = "E-commerce-Website", "E-commerce-Website\E-commerce-Website.csproj", "{2AF0CC0F-C693-4AA6-98AD-03CC7CBFB8B3}"
EndProject
Global
	GlobalSection(SolutionConfigurationPlatforms) = preSolution
		Debug|Any CPU = Debug|Any CPU
		Release|Any CPU = Release|Any CPU
	EndGlobalSection
	GlobalSection(ProjectConfigurationPlatforms) = postSolution
		{2AF0CC0F-C693-4AA6-98AD-03CC7CBFB8B3}.Debug|Any CPU.ActiveCfg = Debug|Any CPU
		{2AF0CC0F-C693-4AA6-98AD-03CC7CBFB8B3}.Debug|Any CPU.Build.0 = Debug|Any CPU
		{2AF0CC0F-C693-4AA6-98AD-03CC7CBFB8B3}.Release|Any CPU.ActiveCfg = Release|Any CPU
		{2AF0CC0F-C693-4AA6-98AD-03CC7CBFB8B3}.Release|Any CPU.Build.0 = Release|Any CPU
	EndGlobalSection
	GlobalSection(SolutionProperties) = preSolution
		HideSolutionNode = FALSE
	EndGlobalSection
	GlobalSection(ExtensibilityGlobals) = postSolution
		SolutionGuid = {7C983F4B-014C-4309-B2E1-0BB557B6E0F6}
	EndGlobalSection
EndGlobal
